
Microsoft Visual Studio Solution File, Format Version 9.00
# Visual Studio 2005
Project("{8BC9CEB8-8B4A-11D0-8D11-00A0C91BC942}") = "MIN2BIN_VC60", "MIN2BIN_VC60.vcproj", "{B8D864EF-721D-486C-97FE-7DAD12EF9341}"
EndProject
Project("{8BC9CEB8-8B4A-11D0-8D11-00A0C91BC942}") = "HEX2BIN", "..\HEX2BIN\HEX2BIN.vcproj", "{AFC0C6F4-B505-4EDE-9BE2-A5F9CC9D4986}"
EndProject
Global
	GlobalSection(SolutionConfigurationPlatforms) = preSolution
		Debug|Win32 = Debug|Win32
		Release|Win32 = Release|Win32
	EndGlobalSection
	GlobalSection(ProjectConfigurationPlatforms) = postSolution
		{B8D864EF-721D-486C-97FE-7DAD12EF9341}.Debug|Win32.ActiveCfg = Debug|Win32
		{B8D864EF-721D-486C-97FE-7DAD12EF9341}.Debug|Win32.Build.0 = Debug|Win32
		{B8D864EF-721D-486C-97FE-7DAD12EF9341}.Release|Win32.ActiveCfg = Release|Win32
		{B8D864EF-721D-486C-97FE-7DAD12EF9341}.Release|Win32.Build.0 = Release|Win32
		{AFC0C6F4-B505-4EDE-9BE2-A5F9CC9D4986}.Debug|Win32.ActiveCfg = Debug|Win32
		{AFC0C6F4-B505-4EDE-9BE2-A5F9CC9D4986}.Debug|Win32.Build.0 = Debug|Win32
		{AFC0C6F4-B505-4EDE-9BE2-A5F9CC9D4986}.Release|Win32.ActiveCfg = Release|Win32
		{AFC0C6F4-B505-4EDE-9BE2-A5F9CC9D4986}.Release|Win32.Build.0 = Release|Win32
	EndGlobalSection
	GlobalSection(SolutionProperties) = preSolution
		HideSolutionNode = FALSE
	EndGlobalSection
EndGlobal
